// !$*UTF8*$!
{
	archiveVersion = 1;
	classes = {
	};
	objectVersion = 55;
	objects = {

/* Begin PBXBuildFile section */
		5E33196928B0022F00092729 /* AppDelegate.swift in Sources */ = {isa = PBXBuildFile; fileRef = 5E33196828B0022F00092729 /* AppDelegate.swift */; };
		5E33196B28B0022F00092729 /* SceneDelegate.swift in Sources */ = {isa = PBXBuildFile; fileRef = 5E33196A28B0022F00092729 /* SceneDelegate.swift */; };
		5E33196D28B0022F00092729 /* ViewController.swift in Sources */ = {isa = PBXBuildFile; fileRef = 5E33196C28B0022F00092729 /* ViewController.swift */; };
		5E33197028B0022F00092729 /* Main.storyboard in Resources */ = {isa = PBXBuildFile; fileRef = 5E33196E28B0022F00092729 /* Main.storyboard */; };
		5E33197228B0023000092729 /* Assets.xcassets in Resources */ = {isa = PBXBuildFile; fileRef = 5E33197128B0023000092729 /* Assets.xcassets */; };
		5E33197528B0023000092729 /* LaunchScreen.storyboard in Resources */ = {isa = PBXBuildFile; fileRef = 5E33197328B0023000092729 /* LaunchScreen.storyboard */; };
		5E33198028B0023000092729 /* EmployeeDirectory_SquareTests.swift in Sources */ = {isa = PBXBuildFile; fileRef = 5E33197F28B0023000092729 /* EmployeeDirectory_SquareTests.swift */; };
		5E33198A28B0023000092729 /* EmployeeDirectory_SquareUITests.swift in Sources */ = {isa = PBXBuildFile; fileRef = 5E33198928B0023000092729 /* EmployeeDirectory_SquareUITests.swift */; };
		5E33198C28B0023000092729 /* EmployeeDirectory_SquareUITestsLaunchTests.swift in Sources */ = {isa = PBXBuildFile; fileRef = 5E33198B28B0023000092729 /* EmployeeDirectory_SquareUITestsLaunchTests.swift */; };
/* End PBXBuildFile section */

/* Begin PBXContainerItemProxy section */
		5E33197C28B0023000092729 /* PBXContainerItemProxy */ = {
			isa = PBXContainerItemProxy;
			containerPortal = 5E33195D28B0022F00092729 /* Project object */;
			proxyType = 1;
			remoteGlobalIDString = 5E33196428B0022F00092729;
			remoteInfo = "EmployeeDirectory-Square";
		};
		5E33198628B0023000092729 /* PBXContainerItemProxy */ = {
			isa = PBXContainerItemProxy;
			containerPortal = 5E33195D28B0022F00092729 /* Project object */;
			proxyType = 1;
			remoteGlobalIDString = 5E33196428B0022F00092729;
			remoteInfo = "EmployeeDirectory-Square";
		};
/* End PBXContainerItemProxy section */

/* Begin PBXFileReference section */
		5E33196528B0022F00092729 /* EmployeeDirectory-Square.app */ = {isa = PBXFileReference; explicitFileType = wrapper.application; includeInIndex = 0; path = "EmployeeDirectory-Square.app"; sourceTree = BUILT_PRODUCTS_DIR; };
		5E33196828B0022F00092729 /* AppDelegate.swift */ = {isa = PBXFileReference; lastKnownFileType = sourcecode.swift; path = AppDelegate.swift; sourceTree = "<group>"; };
		5E33196A28B0022F00092729 /* SceneDelegate.swift */ = {isa = PBXFileReference; lastKnownFileType = sourcecode.swift; path = SceneDelegate.swift; sourceTree = "<group>"; };
		5E33196C28B0022F00092729 /* ViewController.swift */ = {isa = PBXFileReference; lastKnownFileType = sourcecode.swift; path = ViewController.swift; sourceTree = "<group>"; };
		5E33196F28B0022F00092729 /* Base */ = {isa = PBXFileReference; lastKnownFileType = file.storyboard; name = Base; path = Base.lproj/Main.storyboard; sourceTree = "<group>"; };
		5E33197128B0023000092729 /* Assets.xcassets */ = {isa = PBXFileReference; lastKnownFileType = folder.assetcatalog; path = Assets.xcassets; sourceTree = "<group>"; };
		5E33197428B0023000092729 /* Base */ = {isa = PBXFileReference; lastKnownFileType = file.storyboard; name = Base; path = Base.lproj/LaunchScreen.storyboard; sourceTree = "<group>"; };
		5E33197628B0023000092729 /* Info.plist */ = {isa = PBXFileReference; lastKnownFileType = text.plist.xml; path = Info.plist; sourceTree = "<group>"; };
		5E33197B28B0023000092729 /* EmployeeDirectory-SquareTests.xctest */ = {isa = PBXFileReference; explicitFileType = wrapper.cfbundle; includeInIndex = 0; path = "EmployeeDirectory-SquareTests.xctest"; sourceTree = BUILT_PRODUCTS_DIR; };
		5E33197F28B0023000092729 /* EmployeeDirectory_SquareTests.swift */ = {isa = PBXFileReference; lastKnownFileType = sourcecode.swift; path = EmployeeDirectory_SquareTests.swift; sourceTree = "<group>"; };
		5E33198528B0023000092729 /* EmployeeDirectory-SquareUITests.xctest */ = {isa = PBXFileReference; explicitFileType = wrapper.cfbundle; includeInIndex = 0; path = "EmployeeDirectory-SquareUITests.xctest"; sourceTree = BUILT_PRODUCTS_DIR; };
		5E33198928B0023000092729 /* EmployeeDirectory_SquareUITests.swift */ = {isa = PBXFileReference; lastKnownFileType = sourcecode.swift; path = EmployeeDirectory_SquareUITests.swift; sourceTree = "<group>"; };
		5E33198B28B0023000092729 /* EmployeeDirectory_SquareUITestsLaunchTests.swift */ = {isa = PBXFileReference; lastKnownFileType = sourcecode.swift; path = EmployeeDirectory_SquareUITestsLaunchTests.swift; sourceTree = "<group>"; };
/* End PBXFileReference section */

/* Begin PBXFrameworksBuildPhase section */
		5E33196228B0022F00092729 /* Frameworks */ = {
			isa = PBXFrameworksBuildPhase;
			buildActionMask = 2147483647;
			files = (
			);
			runOnlyForDeploymentPostprocessing = 0;
		};
		5E33197828B0023000092729 /* Frameworks */ = {
			isa = PBXFrameworksBuildPhase;
			buildActionMask = 2147483647;
			files = (
			);
			runOnlyForDeploymentPostprocessing = 0;
		};
		5E33198228B0023000092729 /* Frameworks */ = {
			isa = PBXFrameworksBuildPhase;
			buildActionMask = 2147483647;
			files = (
			);
			runOnlyForDeploymentPostprocessing = 0;
		};
/* End PBXFrameworksBuildPhase section */

/* Begin PBXGroup section */
		5E33195C28B0022F00092729 = {
			isa = PBXGroup;
			children = (
				5E33196728B0022F00092729 /* EmployeeDirectory-Square */,
				5E33197E28B0023000092729 /* EmployeeDirectory-SquareTests */,
				5E33198828B0023000092729 /* EmployeeDirectory-SquareUITests */,
				5E33196628B0022F00092729 /* Products */,
			);
			sourceTree = "<group>";
		};
		5E33196628B0022F00092729 /* Products */ = {
			isa = PBXGroup;
			children = (
				5E33196528B0022F00092729 /* EmployeeDirectory-Square.app */,
				5E33197B28B0023000092729 /* EmployeeDirectory-SquareTests.xctest */,
				5E33198528B0023000092729 /* EmployeeDirectory-SquareUITests.xctest */,
			);
			name = Products;
			sourceTree = "<group>";
		};
		5E33196728B0022F00092729 /* EmployeeDirectory-Square */ = {
			isa = PBXGroup;
			children = (
				5E33196828B0022F00092729 /* AppDelegate.swift */,
				5E33196A28B0022F00092729 /* SceneDelegate.swift */,
				5E33196C28B0022F00092729 /* ViewController.swift */,
				5E33196E28B0022F00092729 /* Main.storyboard */,
				5E33197128B0023000092729 /* Assets.xcassets */,
				5E33197328B0023000092729 /* LaunchScreen.storyboard */,
				5E33197628B0023000092729 /* Info.plist */,
			);
			path = "EmployeeDirectory-Square";
			sourceTree = "<group>";
		};
		5E33197E28B0023000092729 /* EmployeeDirectory-SquareTests */ = {
			isa = PBXGroup;
			children = (
				5E33197F28B0023000092729 /* EmployeeDirectory_SquareTests.swift */,
			);
			path = "EmployeeDirectory-SquareTests";
			sourceTree = "<group>";
		};
		5E33198828B0023000092729 /* EmployeeDirectory-SquareUITests */ = {
			isa = PBXGroup;
			children = (
				5E33198928B0023000092729 /* EmployeeDirectory_SquareUITests.swift */,
				5E33198B28B0023000092729 /* EmployeeDirectory_SquareUITestsLaunchTests.swift */,
			);
			path = "EmployeeDirectory-SquareUITests";
			sourceTree = "<group>";
		};
/* End PBXGroup section */

/* Begin PBXNativeTarget section */
		5E33196428B0022F00092729 /* EmployeeDirectory-Square */ = {
			isa = PBXNativeTarget;
			buildConfigurationList = 5E33198F28B0023000092729 /* Build configuration list for PBXNativeTarget "EmployeeDirectory-Square" */;
			buildPhases = (
				5E33196128B0022F00092729 /* Sources */,
				5E33196228B0022F00092729 /* Frameworks */,
				5E33196328B0022F00092729 /* Resources */,
			);
			buildRules = (
			);
			dependencies = (
			);
			name = "EmployeeDirectory-Square";
			productName = "EmployeeDirectory-Square";
			productReference = 5E33196528B0022F00092729 /* EmployeeDirectory-Square.app */;
			productType = "com.apple.product-type.application";
		};
		5E33197A28B0023000092729 /* EmployeeDirectory-SquareTests */ = {
			isa = PBXNativeTarget;
			buildConfigurationList = 5E33199228B0023000092729 /* Build configuration list for PBXNativeTarget "EmployeeDirectory-SquareTests" */;
			buildPhases = (
				5E33197728B0023000092729 /* Sources */,
				5E33197828B0023000092729 /* Frameworks */,
				5E33197928B0023000092729 /* Resources */,
			);
			buildRules = (
			);
			dependencies = (
				5E33197D28B0023000092729 /* PBXTargetDependency */,
			);
			name = "EmployeeDirectory-SquareTests";
			productName = "EmployeeDirectory-SquareTests";
			productReference = 5E33197B28B0023000092729 /* EmployeeDirectory-SquareTests.xctest */;
			productType = "com.apple.product-type.bundle.unit-test";
		};
		5E33198428B0023000092729 /* EmployeeDirectory-SquareUITests */ = {
			isa = PBXNativeTarget;
			buildConfigurationList = 5E33199528B0023000092729 /* Build configuration list for PBXNativeTarget "EmployeeDirectory-SquareUITests" */;
			buildPhases = (
				5E33198128B0023000092729 /* Sources */,
				5E33198228B0023000092729 /* Frameworks */,
				5E33198328B0023000092729 /* Resources */,
			);
			buildRules = (
			);
			dependencies = (
				5E33198728B0023000092729 /* PBXTargetDependency */,
			);
			name = "EmployeeDirectory-SquareUITests";
			productName = "EmployeeDirectory-SquareUITests";
			productReference = 5E33198528B0023000092729 /* EmployeeDirectory-SquareUITests.xctest */;
			productType = "com.apple.product-type.bundle.ui-testing";
		};
/* End PBXNativeTarget section */

/* Begin PBXProject section */
		5E33195D28B0022F00092729 /* Project object */ = {
			isa = PBXProject;
			attributes = {
				BuildIndependentTargetsInParallel = 1;
				LastSwiftUpdateCheck = 1340;
				LastUpgradeCheck = 1340;
				TargetAttributes = {
					5E33196428B0022F00092729 = {
						CreatedOnToolsVersion = 13.4;
					};
					5E33197A28B0023000092729 = {
						CreatedOnToolsVersion = 13.4;
						TestTargetID = 5E33196428B0022F00092729;
					};
					5E33198428B0023000092729 = {
						CreatedOnToolsVersion = 13.4;
						TestTargetID = 5E33196428B0022F00092729;
					};
				};
			};
			buildConfigurationList = 5E33196028B0022F00092729 /* Build configuration list for PBXProject "EmployeeDirectory-Square" */;
			compatibilityVersion = "Xcode 13.0";
			developmentRegion = en;
			hasScannedForEncodings = 0;
			knownRegions = (
				en,
				Base,
			);
			mainGroup = 5E33195C28B0022F00092729;
			productRefGroup = 5E33196628B0022F00092729 /* Products */;
			projectDirPath = "";
			projectRoot = "";
			targets = (
				5E33196428B0022F00092729 /* EmployeeDirectory-Square */,
				5E33197A28B0023000092729 /* EmployeeDirectory-SquareTests */,
				5E33198428B0023000092729 /* EmployeeDirectory-SquareUITests */,
			);
		};
/* End PBXProject section */

/* Begin PBXResourcesBuildPhase section */
		5E33196328B0022F00092729 /* Resources */ = {
			isa = PBXResourcesBuildPhase;
			buildActionMask = 2147483647;
			files = (
				5E33197528B0023000092729 /* LaunchScreen.storyboard in Resources */,
				5E33197228B0023000092729 /* Assets.xcassets in Resources */,
				5E33197028B0022F00092729 /* Main.storyboard in Resources */,
			);
			runOnlyForDeploymentPostprocessing = 0;
		};
		5E33197928B0023000092729 /* Resources */ = {
			isa = PBXResourcesBuildPhase;
			buildActionMask = 2147483647;
			files = (
			);
			runOnlyForDeploymentPostprocessing = 0;
		};
		5E33198328B0023000092729 /* Resources */ = {
			isa = PBXResourcesBuildPhase;
			buildActionMask = 2147483647;
			files = (
			);
			runOnlyForDeploymentPostprocessing = 0;
		};
/* End PBXResourcesBuildPhase section */

/* Begin PBXSourcesBuildPhase section */
		5E33196128B0022F00092729 /* Sources */ = {
			isa = PBXSourcesBuildPhase;
			buildActionMask = 2147483647;
			files = (
				5E33196D28B0022F00092729 /* ViewController.swift in Sources */,
				5E33196928B0022F00092729 /* AppDelegate.swift in Sources */,
				5E33196B28B0022F00092729 /* SceneDelegate.swift in Sources */,
			);
			runOnlyForDeploymentPostprocessing = 0;
		};
		5E33197728B0023000092729 /* Sources */ = {
			isa = PBXSourcesBuildPhase;
			buildActionMask = 2147483647;
			files = (
				5E33198028B0023000092729 /* EmployeeDirectory_SquareTests.swift in Sources */,
			);
			runOnlyForDeploymentPostprocessing = 0;
		};
		5E33198128B0023000092729 /* Sources */ = {
			isa = PBXSourcesBuildPhase;
			buildActionMask = 2147483647;
			files = (
				5E33198A28B0023000092729 /* EmployeeDirectory_SquareUITests.swift in Sources */,
				5E33198C28B0023000092729 /* EmployeeDirectory_SquareUITestsLaunchTests.swift in Sources */,
			);
			runOnlyForDeploymentPostprocessing = 0;
		};
/* End PBXSourcesBuildPhase section */

/* Begin PBXTargetDependency section */
		5E33197D28B0023000092729 /* PBXTargetDependency */ = {
			isa = PBXTargetDependency;
			target = 5E33196428B0022F00092729 /* EmployeeDirectory-Square */;
			targetProxy = 5E33197C28B0023000092729 /* PBXContainerItemProxy */;
		};
		5E33198728B0023000092729 /* PBXTargetDependency */ = {
			isa = PBXTargetDependency;
			target = 5E33196428B0022F00092729 /* EmployeeDirectory-Square */;
			targetProxy = 5E33198628B0023000092729 /* PBXContainerItemProxy */;
		};
/* End PBXTargetDependency section */

/* Begin PBXVariantGroup section */
		5E33196E28B0022F00092729 /* Main.storyboard */ = {
			isa = PBXVariantGroup;
			children = (
				5E33196F28B0022F00092729 /* Base */,
			);
			name = Main.storyboard;
			sourceTree = "<group>";
		};
		5E33197328B0023000092729 /* LaunchScreen.storyboard */ = {
			isa = PBXVariantGroup;
			children = (
				5E33197428B0023000092729 /* Base */,
			);
			name = LaunchScreen.storyboard;
			sourceTree = "<group>";
		};
/* End PBXVariantGroup section */

/* Begin XCBuildConfiguration section */
		5E33198D28B0023000092729 /* Debug */ = {
			isa = XCBuildConfiguration;
			buildSettings = {
				ALWAYS_SEARCH_USER_PATHS = NO;
				CLANG_ANALYZER_NONNULL = YES;
				CLANG_ANALYZER_NUMBER_OBJECT_CONVERSION = YES_AGGRESSIVE;
				CLANG_CXX_LANGUAGE_STANDARD = "gnu++17";
				CLANG_ENABLE_MODULES = YES;
				CLANG_ENABLE_OBJC_ARC = YES;
				CLANG_ENABLE_OBJC_WEAK = YES;
				CLANG_WARN_BLOCK_CAPTURE_AUTORELEASING = YES;
				CLANG_WARN_BOOL_CONVERSION = YES;
				CLANG_WARN_COMMA = YES;
				CLANG_WARN_CONSTANT_CONVERSION = YES;
				CLANG_WARN_DEPRECATED_OBJC_IMPLEMENTATIONS = YES;
				CLANG_WARN_DIRECT_OBJC_ISA_USAGE = YES_ERROR;
				CLANG_WARN_DOCUMENTATION_COMMENTS = YES;
				CLANG_WARN_EMPTY_BODY = YES;
				CLANG_WARN_ENUM_CONVERSION = YES;
				CLANG_WARN_INFINITE_RECURSION = YES;
				CLANG_WARN_INT_CONVERSION = YES;
				CLANG_WARN_NON_LITERAL_NULL_CONVERSION = YES;
				CLANG_WARN_OBJC_IMPLICIT_RETAIN_SELF = YES;
				CLANG_WARN_OBJC_LITERAL_CONVERSION = YES;
				CLANG_WARN_OBJC_ROOT_CLASS = YES_ERROR;
				CLANG_WARN_QUOTED_INCLUDE_IN_FRAMEWORK_HEADER = YES;
				CLANG_WARN_RANGE_LOOP_ANALYSIS = YES;
				CLANG_WARN_STRICT_PROTOTYPES = YES;
				CLANG_WARN_SUSPICIOUS_MOVE = YES;
				CLANG_WARN_UNGUARDED_AVAILABILITY = YES_AGGRESSIVE;
				CLANG_WARN_UNREACHABLE_CODE = YES;
				CLANG_WARN__DUPLICATE_METHOD_MATCH = YES;
				COPY_PHASE_STRIP = NO;
				DEBUG_INFORMATION_FORMAT = dwarf;
				ENABLE_STRICT_OBJC_MSGSEND = YES;
				ENABLE_TESTABILITY = YES;
				GCC_C_LANGUAGE_STANDARD = gnu11;
				GCC_DYNAMIC_NO_PIC = NO;
				GCC_NO_COMMON_BLOCKS = YES;
				GCC_OPTIMIZATION_LEVEL = 0;
				GCC_PREPROCESSOR_DEFINITIONS = (
					"DEBUG=1",
					"$(inherited)",
				);
				GCC_WARN_64_TO_32_BIT_CONVERSION = YES;
				GCC_WARN_ABOUT_RETURN_TYPE = YES_ERROR;
				GCC_WARN_UNDECLARED_SELECTOR = YES;
				GCC_WARN_UNINITIALIZED_AUTOS = YES_AGGRESSIVE;
				GCC_WARN_UNUSED_FUNCTION = YES;
				GCC_WARN_UNUSED_VARIABLE = YES;
				IPHONEOS_DEPLOYMENT_TARGET = 15.5;
				MTL_ENABLE_DEBUG_INFO = INCLUDE_SOURCE;
				MTL_FAST_MATH = YES;
				ONLY_ACTIVE_ARCH = YES;
				SDKROOT = iphoneos;
				SWIFT_ACTIVE_COMPILATION_CONDITIONS = DEBUG;
				SWIFT_OPTIMIZATION_LEVEL = "-Onone";
			};
			name = Debug;
		};
		5E33198E28B0023000092729 /* Release */ = {
			isa = XCBuildConfiguration;
			buildSettings = {
				ALWAYS_SEARCH_USER_PATHS = NO;
				CLANG_ANALYZER_NONNULL = YES;
				CLANG_ANALYZER_NUMBER_OBJECT_CONVERSION = YES_AGGRESSIVE;
				CLANG_CXX_LANGUAGE_STANDARD = "gnu++17";
				CLANG_ENABLE_MODULES = YES;
				CLANG_ENABLE_OBJC_ARC = YES;
				CLANG_ENABLE_OBJC_WEAK = YES;
				CLANG_WARN_BLOCK_CAPTURE_AUTORELEASING = YES;
				CLANG_WARN_BOOL_CONVERSION = YES;
				CLANG_WARN_COMMA = YES;
				CLANG_WARN_CONSTANT_CONVERSION = YES;
				CLANG_WARN_DEPRECATED_OBJC_IMPLEMENTATIONS = YES;
				CLANG_WARN_DIRECT_OBJC_ISA_USAGE = YES_ERROR;
				CLANG_WARN_DOCUMENTATION_COMMENTS = YES;
				CLANG_WARN_EMPTY_BODY = YES;
				CLANG_WARN_ENUM_CONVERSION = YES;
				CLANG_WARN_INFINITE_RECURSION = YES;
				CLANG_WARN_INT_CONVERSION = YES;
				CLANG_WARN_NON_LITERAL_NULL_CONVERSION = YES;
				CLANG_WARN_OBJC_IMPLICIT_RETAIN_SELF = YES;
				CLANG_WARN_OBJC_LITERAL_CONVERSION = YES;
				CLANG_WARN_OBJC_ROOT_CLASS = YES_ERROR;
				CLANG_WARN_QUOTED_INCLUDE_IN_FRAMEWORK_HEADER = YES;
				CLANG_WARN_RANGE_LOOP_ANALYSIS = YES;
				CLANG_WARN_STRICT_PROTOTYPES = YES;
				CLANG_WARN_SUSPICIOUS_MOVE = YES;
				CLANG_WARN_UNGUARDED_AVAILABILITY = YES_AGGRESSIVE;
				CLANG_WARN_UNREACHABLE_CODE = YES;
				CLANG_WARN__DUPLICATE_METHOD_MATCH = YES;
				COPY_PHASE_STRIP = NO;
				DEBUG_INFORMATION_FORMAT = "dwarf-with-dsym";
				ENABLE_NS_ASSERTIONS = NO;
				ENABLE_STRICT_OBJC_MSGSEND = YES;
				GCC_C_LANGUAGE_STANDARD = gnu11;
				GCC_NO_COMMON_BLOCKS = YES;
				GCC_WARN_64_TO_32_BIT_CONVERSION = YES;
				GCC_WARN_ABOUT_RETURN_TYPE = YES_ERROR;
				GCC_WARN_UNDECLARED_SELECTOR = YES;
				GCC_WARN_UNINITIALIZED_AUTOS = YES_AGGRESSIVE;
				GCC_WARN_UNUSED_FUNCTION = YES;
				GCC_WARN_UNUSED_VARIABLE = YES;
				IPHONEOS_DEPLOYMENT_TARGET = 15.5;
				MTL_ENABLE_DEBUG_INFO = NO;
				MTL_FAST_MATH = YES;
				SDKROOT = iphoneos;
				SWIFT_COMPILATION_MODE = wholemodule;
				SWIFT_OPTIMIZATION_LEVEL = "-O";
				VALIDATE_PRODUCT = YES;
			};
			name = Release;
		};
		5E33199028B0023000092729 /* Debug */ = {
			isa = XCBuildConfiguration;
			buildSettings = {
				ASSETCATALOG_COMPILER_APPICON_NAME = AppIcon;
				ASSETCATALOG_COMPILER_GLOBAL_ACCENT_COLOR_NAME = AccentColor;
				CODE_SIGN_STYLE = Automatic;
				CURRENT_PROJECT_VERSION = 1;
				DEVELOPMENT_TEAM = EVQV4TMGNS;
				GENERATE_INFOPLIST_FILE = YES;
				INFOPLIST_FILE = "EmployeeDirectory-Square/Info.plist";
				INFOPLIST_KEY_UIApplicationSupportsIndirectInputEvents = YES;
				INFOPLIST_KEY_UILaunchStoryboardName = LaunchScreen;
				INFOPLIST_KEY_UIMainStoryboardFile = Main;
				INFOPLIST_KEY_UISupportedInterfaceOrientations_iPad = "UIInterfaceOrientationPortrait UIInterfaceOrientationPortraitUpsideDown UIInterfaceOrientationLandscapeLeft UIInterfaceOrientationLandscapeRight";
				INFOPLIST_KEY_UISupportedInterfaceOrientations_iPhone = "UIInterfaceOrientationPortrait UIInterfaceOrientationLandscapeLeft UIInterfaceOrientationLandscapeRight";
				LD_RUNPATH_SEARCH_PATHS = (
					"$(inherited)",
					"@executable_path/Frameworks",
				);
				MARKETING_VERSION = 1.0;
				PRODUCT_BUNDLE_IDENTIFIER = "com.zhaoli.EmployeeDirectory-Square";
				PRODUCT_NAME = "$(TARGET_NAME)";
				SWIFT_EMIT_LOC_STRINGS = YES;
				SWIFT_VERSION = 5.0;
				TARGETED_DEVICE_FAMILY = "1,2";
			};
			name = Debug;
		};
		5E33199128B0023000092729 /* Release */ = {
			isa = XCBuildConfiguration;
			buildSettings = {
				ASSETCATALOG_COMPILER_APPICON_NAME = AppIcon;
				ASSETCATALOG_COMPILER_GLOBAL_ACCENT_COLOR_NAME = AccentColor;
				CODE_SIGN_STYLE = Automatic;
				CURRENT_PROJECT_VERSION = 1;
				DEVELOPMENT_TEAM = EVQV4TMGNS;
				GENERATE_INFOPLIST_FILE = YES;
				INFOPLIST_FILE = "EmployeeDirectory-Square/Info.plist";
				INFOPLIST_KEY_UIApplicationSupportsIndirectInputEvents = YES;
				INFOPLIST_KEY_UILaunchStoryboardName = LaunchScreen;
				INFOPLIST_KEY_UIMainStoryboardFile = Main;
				INFOPLIST_KEY_UISupportedInterfaceOrientations_iPad = "UIInterfaceOrientationPortrait UIInterfaceOrientationPortraitUpsideDown UIInterfaceOrientationLandscapeLeft UIInterfaceOrientationLandscapeRight";
				INFOPLIST_KEY_UISupportedInterfaceOrientations_iPhone = "UIInterfaceOrientationPortrait UIInterfaceOrientationLandscapeLeft UIInterfaceOrientationLandscapeRight";
				LD_RUNPATH_SEARCH_PATHS = (
					"$(inherited)",
					"@executable_path/Frameworks",
				);
				MARKETING_VERSION = 1.0;
				PRODUCT_BUNDLE_IDENTIFIER = "com.zhaoli.EmployeeDirectory-Square";
				PRODUCT_NAME = "$(TARGET_NAME)";
				SWIFT_EMIT_LOC_STRINGS = YES;
				SWIFT_VERSION = 5.0;
				TARGETED_DEVICE_FAMILY = "1,2";
			};
			name = Release;
		};
		5E33199328B0023000092729 /* Debug */ = {
			isa = XCBuildConfiguration;
			buildSettings = {
				ALWAYS_EMBED_SWIFT_STANDARD_LIBRARIES = YES;
				BUNDLE_LOADER = "$(TEST_HOST)";
				CODE_SIGN_STYLE = Automatic;
				CURRENT_PROJECT_VERSION = 1;
				DEVELOPMENT_TEAM = EVQV4TMGNS;
				GENERATE_INFOPLIST_FILE = YES;
				IPHONEOS_DEPLOYMENT_TARGET = 15.5;
				MARKETING_VERSION = 1.0;
				PRODUCT_BUNDLE_IDENTIFIER = "com.zhaoli.EmployeeDirectory-SquareTests";
				PRODUCT_NAME = "$(TARGET_NAME)";
				SWIFT_EMIT_LOC_STRINGS = NO;
				SWIFT_VERSION = 5.0;
				TARGETED_DEVICE_FAMILY = "1,2";
				TEST_HOST = "$(BUILT_PRODUCTS_DIR)/EmployeeDirectory-Square.app/EmployeeDirectory-Square";
			};
			name = Debug;
		};
		5E33199428B0023000092729 /* Release */ = {
			isa = XCBuildConfiguration;
			buildSettings = {
				ALWAYS_EMBED_SWIFT_STANDARD_LIBRARIES = YES;
				BUNDLE_LOADER = "$(TEST_HOST)";
				CODE_SIGN_STYLE = Automatic;
				CURRENT_PROJECT_VERSION = 1;
				DEVELOPMENT_TEAM = EVQV4TMGNS;
				GENERATE_INFOPLIST_FILE = YES;
				IPHONEOS_DEPLOYMENT_TARGET = 15.5;
				MARKETING_VERSION = 1.0;
				PRODUCT_BUNDLE_IDENTIFIER = "com.zhaoli.EmployeeDirectory-SquareTests";
				PRODUCT_NAME = "$(TARGET_NAME)";
				SWIFT_EMIT_LOC_STRINGS = NO;
				SWIFT_VERSION = 5.0;
				TARGETED_DEVICE_FAMILY = "1,2";
				TEST_HOST = "$(BUILT_PRODUCTS_DIR)/EmployeeDirectory-Square.app/EmployeeDirectory-Square";
			};
			name = Release;
		};
		5E33199628B0023000092729 /* Debug */ = {
			isa = XCBuildConfiguration;
			buildSettings = {
				ALWAYS_EMBED_SWIFT_STANDARD_LIBRARIES = YES;
				CODE_SIGN_STYLE = Automatic;
				CURRENT_PROJECT_VERSION = 1;
				DEVELOPMENT_TEAM = EVQV4TMGNS;
				GENERATE_INFOPLIST_FILE = YES;
				MARKETING_VERSION = 1.0;
				PRODUCT_BUNDLE_IDENTIFIER = "com.zhaoli.EmployeeDirectory-SquareUITests";
				PRODUCT_NAME = "$(TARGET_NAME)";
				SWIFT_EMIT_LOC_STRINGS = NO;
				SWIFT_VERSION = 5.0;
				TARGETED_DEVICE_FAMILY = "1,2";
				TEST_TARGET_NAME = "EmployeeDirectory-Square";
			};
			name = Debug;
		};
		5E33199728B0023000092729 /* Release */ = {
			isa = XCBuildConfiguration;
			buildSettings = {
				ALWAYS_EMBED_SWIFT_STANDARD_LIBRARIES = YES;
				CODE_SIGN_STYLE = Automatic;
				CURRENT_PROJECT_VERSION = 1;
				DEVELOPMENT_TEAM = EVQV4TMGNS;
				GENERATE_INFOPLIST_FILE = YES;
				MARKETING_VERSION = 1.0;
				PRODUCT_BUNDLE_IDENTIFIER = "com.zhaoli.EmployeeDirectory-SquareUITests";
				PRODUCT_NAME = "$(TARGET_NAME)";
				SWIFT_EMIT_LOC_STRINGS = NO;
				SWIFT_VERSION = 5.0;
				TARGETED_DEVICE_FAMILY = "1,2";
				TEST_TARGET_NAME = "EmployeeDirectory-Square";
			};
			name = Release;
		};
/* End XCBuildConfiguration section */

/* Begin XCConfigurationList section */
		5E33196028B0022F00092729 /* Build configuration list for PBXProject "EmployeeDirectory-Square" */ = {
			isa = XCConfigurationList;
			buildConfigurations = (
				5E33198D28B0023000092729 /* Debug */,
				5E33198E28B0023000092729 /* Release */,
			);
			defaultConfigurationIsVisible = 0;
			defaultConfigurationName = Release;
		};
		5E33198F28B0023000092729 /* Build configuration list for PBXNativeTarget "EmployeeDirectory-Square" */ = {
			isa = XCConfigurationList;
			buildConfigurations = (
				5E33199028B0023000092729 /* Debug */,
				5E33199128B0023000092729 /* Release */,
			);
			defaultConfigurationIsVisible = 0;
			defaultConfigurationName = Release;
		};
		5E33199228B0023000092729 /* Build configuration list for PBXNativeTarget "EmployeeDirectory-SquareTests" */ = {
			isa = XCConfigurationList;
			buildConfigurations = (
				5E33199328B0023000092729 /* Debug */,
				5E33199428B0023000092729 /* Release */,
			);
			defaultConfigurationIsVisible = 0;
			defaultConfigurationName = Release;
		};
		5E33199528B0023000092729 /* Build configuration list for PBXNativeTarget "EmployeeDirectory-SquareUITests" */ = {
			isa = XCConfigurationList;
			buildConfigurations = (
				5E33199628B0023000092729 /* Debug */,
				5E33199728B0023000092729 /* Release */,
			);
			defaultConfigurationIsVisible = 0;
			defaultConfigurationName = Release;
		};
/* End XCConfigurationList section */
	};
	rootObject = 5E33195D28B0022F00092729 /* Project object */;
}
